
Microsoft Visual Studio Solution File, Format Version 12.00
# Visual Studio Version 16
VisualStudioVersion = 16.0.33801.447
MinimumVisualStudioVersion = 10.0.40219.1
Project("{FAE04EC0-301F-11D3-BF4B-00C04F79EFBC}") = "CapgeminiConcur", "CapgeminiConcur\CapgeminiConcur.csproj", "{0112831D-2BDF-495A-971F-A7B4F47EAA55}"
EndProject
Global
	GlobalSection(SolutionConfigurationPlatforms) = preSolution
		Debug|Any CPU = Debug|Any CPU
		Release|Any CPU = Release|Any CPU
	EndGlobalSection
	GlobalSection(ProjectConfigurationPlatforms) = postSolution
		{0112831D-2BDF-495A-971F-A7B4F47EAA55}.Debug|Any CPU.ActiveCfg = Debug|Any CPU
		{0112831D-2BDF-495A-971F-A7B4F47EAA55}.Debug|Any CPU.Build.0 = Debug|Any CPU
		{0112831D-2BDF-495A-971F-A7B4F47EAA55}.Release|Any CPU.ActiveCfg = Release|Any CPU
		{0112831D-2BDF-495A-971F-A7B4F47EAA55}.Release|Any CPU.Build.0 = Release|Any CPU
	EndGlobalSection
	GlobalSection(SolutionProperties) = preSolution
		HideSolutionNode = FALSE
	EndGlobalSection
	GlobalSection(ExtensibilityGlobals) = postSolution
		SolutionGuid = {0107E2B3-A9C4-4CA7-9619-D7E40ED4A73C}
	EndGlobalSection
EndGlobal
